
Microsoft Visual Studio Solution File, Format Version 12.00
# Visual Studio 15
VisualStudioVersion = 15.0.26124.0
MinimumVisualStudioVersion = 15.0.26124.0
Project("{FAE04EC0-301F-11D3-BF4B-00C04F79EFBC}") = "application", "Api.Application\application.csproj", "{82ED4B2C-0062-4BBD-B66D-6A905ECC2A57}"
EndProject
Project("{FAE04EC0-301F-11D3-BF4B-00C04F79EFBC}") = "Domain", "Api.Domain\Domain.csproj", "{FEEBC8A8-6020-4863-AE52-00A3970946E0}"
EndProject
Project("{FAE04EC0-301F-11D3-BF4B-00C04F79EFBC}") = "CrossCutting", "Api.CrossCutting\CrossCutting.csproj", "{68F62786-2CEA-42A1-A4FF-3428B7F2DC10}"
EndProject
Project("{FAE04EC0-301F-11D3-BF4B-00C04F79EFBC}") = "Data", "Api.Data\Data.csproj", "{78F524E8-6E85-48F8-B22D-43366C08BEF1}"
EndProject
Project("{FAE04EC0-301F-11D3-BF4B-00C04F79EFBC}") = "Service", "Api.Service\Service.csproj", "{4807B365-8F0F-4818-8245-86DC67153D2E}"
EndProject
Global
	GlobalSection(SolutionConfigurationPlatforms) = preSolution
		Debug|Any CPU = Debug|Any CPU
		Debug|x64 = Debug|x64
		Debug|x86 = Debug|x86
		Release|Any CPU = Release|Any CPU
		Release|x64 = Release|x64
		Release|x86 = Release|x86
	EndGlobalSection
	GlobalSection(SolutionProperties) = preSolution
		HideSolutionNode = FALSE
	EndGlobalSection
	GlobalSection(ProjectConfigurationPlatforms) = postSolution
		{82ED4B2C-0062-4BBD-B66D-6A905ECC2A57}.Debug|Any CPU.ActiveCfg = Debug|Any CPU
		{82ED4B2C-0062-4BBD-B66D-6A905ECC2A57}.Debug|Any CPU.Build.0 = Debug|Any CPU
		{82ED4B2C-0062-4BBD-B66D-6A905ECC2A57}.Debug|x64.ActiveCfg = Debug|Any CPU
		{82ED4B2C-0062-4BBD-B66D-6A905ECC2A57}.Debug|x64.Build.0 = Debug|Any CPU
		{82ED4B2C-0062-4BBD-B66D-6A905ECC2A57}.Debug|x86.ActiveCfg = Debug|Any CPU
		{82ED4B2C-0062-4BBD-B66D-6A905ECC2A57}.Debug|x86.Build.0 = Debug|Any CPU
		{82ED4B2C-0062-4BBD-B66D-6A905ECC2A57}.Release|Any CPU.ActiveCfg = Release|Any CPU
		{82ED4B2C-0062-4BBD-B66D-6A905ECC2A57}.Release|Any CPU.Build.0 = Release|Any CPU
		{82ED4B2C-0062-4BBD-B66D-6A905ECC2A57}.Release|x64.ActiveCfg = Release|Any CPU
		{82ED4B2C-0062-4BBD-B66D-6A905ECC2A57}.Release|x64.Build.0 = Release|Any CPU
		{82ED4B2C-0062-4BBD-B66D-6A905ECC2A57}.Release|x86.ActiveCfg = Release|Any CPU
		{82ED4B2C-0062-4BBD-B66D-6A905ECC2A57}.Release|x86.Build.0 = Release|Any CPU
		{FEEBC8A8-6020-4863-AE52-00A3970946E0}.Debug|Any CPU.ActiveCfg = Debug|Any CPU
		{FEEBC8A8-6020-4863-AE52-00A3970946E0}.Debug|Any CPU.Build.0 = Debug|Any CPU
		{FEEBC8A8-6020-4863-AE52-00A3970946E0}.Debug|x64.ActiveCfg = Debug|Any CPU
		{FEEBC8A8-6020-4863-AE52-00A3970946E0}.Debug|x64.Build.0 = Debug|Any CPU
		{FEEBC8A8-6020-4863-AE52-00A3970946E0}.Debug|x86.ActiveCfg = Debug|Any CPU
		{FEEBC8A8-6020-4863-AE52-00A3970946E0}.Debug|x86.Build.0 = Debug|Any CPU
		{FEEBC8A8-6020-4863-AE52-00A3970946E0}.Release|Any CPU.ActiveCfg = Release|Any CPU
		{FEEBC8A8-6020-4863-AE52-00A3970946E0}.Release|Any CPU.Build.0 = Release|Any CPU
		{FEEBC8A8-6020-4863-AE52-00A3970946E0}.Release|x64.ActiveCfg = Release|Any CPU
		{FEEBC8A8-6020-4863-AE52-00A3970946E0}.Release|x64.Build.0 = Release|Any CPU
		{FEEBC8A8-6020-4863-AE52-00A3970946E0}.Release|x86.ActiveCfg = Release|Any CPU
		{FEEBC8A8-6020-4863-AE52-00A3970946E0}.Release|x86.Build.0 = Release|Any CPU
		{68F62786-2CEA-42A1-A4FF-3428B7F2DC10}.Debug|Any CPU.ActiveCfg = Debug|Any CPU
		{68F62786-2CEA-42A1-A4FF-3428B7F2DC10}.Debug|Any CPU.Build.0 = Debug|Any CPU
		{68F62786-2CEA-42A1-A4FF-3428B7F2DC10}.Debug|x64.ActiveCfg = Debug|Any CPU
		{68F62786-2CEA-42A1-A4FF-3428B7F2DC10}.Debug|x64.Build.0 = Debug|Any CPU
		{68F62786-2CEA-42A1-A4FF-3428B7F2DC10}.Debug|x86.ActiveCfg = Debug|Any CPU
		{68F62786-2CEA-42A1-A4FF-3428B7F2DC10}.Debug|x86.Build.0 = Debug|Any CPU
		{68F62786-2CEA-42A1-A4FF-3428B7F2DC10}.Release|Any CPU.ActiveCfg = Release|Any CPU
		{68F62786-2CEA-42A1-A4FF-3428B7F2DC10}.Release|Any CPU.Build.0 = Release|Any CPU
		{68F62786-2CEA-42A1-A4FF-3428B7F2DC10}.Release|x64.ActiveCfg = Release|Any CPU
		{68F62786-2CEA-42A1-A4FF-3428B7F2DC10}.Release|x64.Build.0 = Release|Any CPU
		{68F62786-2CEA-42A1-A4FF-3428B7F2DC10}.Release|x86.ActiveCfg = Release|Any CPU
		{68F62786-2CEA-42A1-A4FF-3428B7F2DC10}.Release|x86.Build.0 = Release|Any CPU
		{78F524E8-6E85-48F8-B22D-43366C08BEF1}.Debug|Any CPU.ActiveCfg = Debug|Any CPU
		{78F524E8-6E85-48F8-B22D-43366C08BEF1}.Debug|Any CPU.Build.0 = Debug|Any CPU
		{78F524E8-6E85-48F8-B22D-43366C08BEF1}.Debug|x64.ActiveCfg = Debug|Any CPU
		{78F524E8-6E85-48F8-B22D-43366C08BEF1}.Debug|x64.Build.0 = Debug|Any CPU
		{78F524E8-6E85-48F8-B22D-43366C08BEF1}.Debug|x86.ActiveCfg = Debug|Any CPU
		{78F524E8-6E85-48F8-B22D-43366C08BEF1}.Debug|x86.Build.0 = Debug|Any CPU
		{78F524E8-6E85-48F8-B22D-43366C08BEF1}.Release|Any CPU.ActiveCfg = Release|Any CPU
		{78F524E8-6E85-48F8-B22D-43366C08BEF1}.Release|Any CPU.Build.0 = Release|Any CPU
		{78F524E8-6E85-48F8-B22D-43366C08BEF1}.Release|x64.ActiveCfg = Release|Any CPU
		{78F524E8-6E85-48F8-B22D-43366C08BEF1}.Release|x64.Build.0 = Release|Any CPU
		{78F524E8-6E85-48F8-B22D-43366C08BEF1}.Release|x86.ActiveCfg = Release|Any CPU
		{78F524E8-6E85-48F8-B22D-43366C08BEF1}.Release|x86.Build.0 = Release|Any CPU
		{4807B365-8F0F-4818-8245-86DC67153D2E}.Debug|Any CPU.ActiveCfg = Debug|Any CPU
		{4807B365-8F0F-4818-8245-86DC67153D2E}.Debug|Any CPU.Build.0 = Debug|Any CPU
		{4807B365-8F0F-4818-8245-86DC67153D2E}.Debug|x64.ActiveCfg = Debug|Any CPU
		{4807B365-8F0F-4818-8245-86DC67153D2E}.Debug|x64.Build.0 = Debug|Any CPU
		{4807B365-8F0F-4818-8245-86DC67153D2E}.Debug|x86.ActiveCfg = Debug|Any CPU
		{4807B365-8F0F-4818-8245-86DC67153D2E}.Debug|x86.Build.0 = Debug|Any CPU
		{4807B365-8F0F-4818-8245-86DC67153D2E}.Release|Any CPU.ActiveCfg = Release|Any CPU
		{4807B365-8F0F-4818-8245-86DC67153D2E}.Release|Any CPU.Build.0 = Release|Any CPU
		{4807B365-8F0F-4818-8245-86DC67153D2E}.Release|x64.ActiveCfg = Release|Any CPU
		{4807B365-8F0F-4818-8245-86DC67153D2E}.Release|x64.Build.0 = Release|Any CPU
		{4807B365-8F0F-4818-8245-86DC67153D2E}.Release|x86.ActiveCfg = Release|Any CPU
		{4807B365-8F0F-4818-8245-86DC67153D2E}.Release|x86.Build.0 = Release|Any CPU
	EndGlobalSection
EndGlobal
